PODS:
  - Bootpay (4.1.4):
    - CryptoSwift
    - ObjectMapper
  - CryptoSwift (1.5.1)
  - ObjectMapper (4.2.0)

DEPENDENCIES:
  - Bootpay

SPEC REPOS:
  trunk:
    - Bootpay
    - CryptoSwift
    - ObjectMapper

SPEC CHECKSUMS:
  Bootpay: 192408f162d2fb16665bdc58776235d4ac203b83
  CryptoSwift: c4f2debceb38bf44c80659afe009f71e23e4a082
  ObjectMapper: 1eb41f610210777375fa806bf161dc39fb832b81

PODFILE CHECKSUM: 95c15baf4e493e141d5a1fd605a4b4c41f69372f

COCOAPODS: 1.11.3
