// !$*UTF8*$!
{
	archiveVersion = 1;
	classes = {
	};
	objectVersion = 55;
	objects = {

/* Begin PBXBuildFile section */
		5E114E859589EB3F2F5DCD0E /* Pods_objectc_example.framework in Frameworks */ = {isa = PBXBuildFile; fileRef = 5573E23A1AE58C4ED562409B /* Pods_objectc_example.framework */; };
		818E856B2834D12A00767D02 /* AppDelegate.m in Sources */ = {isa = PBXBuildFile; fileRef = 818E856A2834D12A00767D02 /* AppDelegate.m */; };
		818E856E2834D12A00767D02 /* SceneDelegate.m in Sources */ = {isa = PBXBuildFile; fileRef = 818E856D2834D12A00767D02 /* SceneDelegate.m */; };
		818E85712834D12A00767D02 /* ViewController.m in Sources */ = {isa = PBXBuildFile; fileRef = 818E85702834D12A00767D02 /* ViewController.m */; };
		818E85742834D12A00767D02 /* Main.storyboard in Resources */ = {isa = PBXBuildFile; fileRef = 818E85722834D12A00767D02 /* Main.storyboard */; };
		818E85762834D12B00767D02 /* Assets.xcassets in Resources */ = {isa = PBXBuildFile; fileRef = 818E85752834D12B00767D02 /* Assets.xcassets */; };
		818E85792834D12B00767D02 /* LaunchScreen.storyboard in Resources */ = {isa = PBXBuildFile; fileRef = 818E85772834D12B00767D02 /* LaunchScreen.storyboard */; };
		818E857C2834D12B00767D02 /* main.m in Sources */ = {isa = PBXBuildFile; fileRef = 818E857B2834D12B00767D02 /* main.m */; };
		81D3C26328502A4D001B3205 /* DefaultController.m in Sources */ = {isa = PBXBuildFile; fileRef = 81D3C26228502A4D001B3205 /* DefaultController.m */; };
		81D3C26628502EF0001B3205 /* SwipeController.m in Sources */ = {isa = PBXBuildFile; fileRef = 81D3C26528502EF0001B3205 /* SwipeController.m */; };
		81D3C26928503782001B3205 /* TotalController.m in Sources */ = {isa = PBXBuildFile; fileRef = 81D3C26828503782001B3205 /* TotalController.m */; };
		81D3C26C285038CB001B3205 /* SubscriptionController.m in Sources */ = {isa = PBXBuildFile; fileRef = 81D3C26B285038CB001B3205 /* SubscriptionController.m */; };
		81D3C26F285038DE001B3205 /* SubscriptionBootpayController.m in Sources */ = {isa = PBXBuildFile; fileRef = 81D3C26E285038DE001B3205 /* SubscriptionBootpayController.m */; };
		81D3C2722850391C001B3205 /* AuthenticationController.m in Sources */ = {isa = PBXBuildFile; fileRef = 81D3C2712850391C001B3205 /* AuthenticationController.m */; };
		81D3C2752850392A001B3205 /* BioController.m in Sources */ = {isa = PBXBuildFile; fileRef = 81D3C2742850392A001B3205 /* BioController.m */; };
		81D3C2782850393E001B3205 /* PasswordController.m in Sources */ = {isa = PBXBuildFile; fileRef = 81D3C2772850393E001B3205 /* PasswordController.m */; };
		81D3C27B2850394B001B3205 /* PasswordUIController.m in Sources */ = {isa = PBXBuildFile; fileRef = 81D3C27A2850394B001B3205 /* PasswordUIController.m */; };
		81D3C27F28506221001B3205 /* BootpayRest.m in Sources */ = {isa = PBXBuildFile; fileRef = 81D3C27E28506221001B3205 /* BootpayRest.m */; };
		81D3C28228509070001B3205 /* WebAppController.m in Sources */ = {isa = PBXBuildFile; fileRef = 81D3C28128509070001B3205 /* WebAppController.m */; };
/* End PBXBuildFile section */

/* Begin PBXFileReference section */
		2B0FA07D7847F7169264C4CE /* Pods-objectc_example.release.xcconfig */ = {isa = PBXFileReference; includeInIndex = 1; lastKnownFileType = text.xcconfig; name = "Pods-objectc_example.release.xcconfig"; path = "Target Support Files/Pods-objectc_example/Pods-objectc_example.release.xcconfig"; sourceTree = "<group>"; };
		5573E23A1AE58C4ED562409B /* Pods_objectc_example.framework */ = {isa = PBXFileReference; explicitFileType = wrapper.framework; includeInIndex = 0; path = Pods_objectc_example.framework; sourceTree = BUILT_PRODUCTS_DIR; };
		818E85662834D12A00767D02 /* objectc_example.app */ = {isa = PBXFileReference; explicitFileType = wrapper.application; includeInIndex = 0; path = objectc_example.app; sourceTree = BUILT_PRODUCTS_DIR; };
		818E85692834D12A00767D02 /* AppDelegate.h */ = {isa = PBXFileReference; lastKnownFileType = sourcecode.c.h; path = AppDelegate.h; sourceTree = "<group>"; };
		818E856A2834D12A00767D02 /* AppDelegate.m */ = {isa = PBXFileReference; lastKnownFileType = sourcecode.c.objc; path = AppDelegate.m; sourceTree = "<group>"; };
		818E856C2834D12A00767D02 /* SceneDelegate.h */ = {isa = PBXFileReference; lastKnownFileType = sourcecode.c.h; path = SceneDelegate.h; sourceTree = "<group>"; };
		818E856D2834D12A00767D02 /* SceneDelegate.m */ = {isa = PBXFileReference; lastKnownFileType = sourcecode.c.objc; path = SceneDelegate.m; sourceTree = "<group>"; };
		818E856F2834D12A00767D02 /* ViewController.h */ = {isa = PBXFileReference; lastKnownFileType = sourcecode.c.h; path = ViewController.h; sourceTree = "<group>"; };
		818E85702834D12A00767D02 /* ViewController.m */ = {isa = PBXFileReference; lastKnownFileType = sourcecode.c.objc; path = ViewController.m; sourceTree = "<group>"; };
		818E85732834D12A00767D02 /* Base */ = {isa = PBXFileReference; lastKnownFileType = file.storyboard; name = Base; path = Base.lproj/Main.storyboard; sourceTree = "<group>"; };
		818E85752834D12B00767D02 /* Assets.xcassets */ = {isa = PBXFileReference; lastKnownFileType = folder.assetcatalog; path = Assets.xcassets; sourceTree = "<group>"; };
		818E85782834D12B00767D02 /* Base */ = {isa = PBXFileReference; lastKnownFileType = file.storyboard; name = Base; path = Base.lproj/LaunchScreen.storyboard; sourceTree = "<group>"; };
		818E857A2834D12B00767D02 /* Info.plist */ = {isa = PBXFileReference; lastKnownFileType = text.plist.xml; path = Info.plist; sourceTree = "<group>"; };
		818E857B2834D12B00767D02 /* main.m */ = {isa = PBXFileReference; lastKnownFileType = sourcecode.c.objc; path = main.m; sourceTree = "<group>"; };
		81D3C26128502A4D001B3205 /* DefaultController.h */ = {isa = PBXFileReference; lastKnownFileType = sourcecode.c.h; path = DefaultController.h; sourceTree = "<group>"; };
		81D3C26228502A4D001B3205 /* DefaultController.m */ = {isa = PBXFileReference; lastKnownFileType = sourcecode.c.objc; path = DefaultController.m; sourceTree = "<group>"; };
		81D3C26428502EF0001B3205 /* SwipeController.h */ = {isa = PBXFileReference; lastKnownFileType = sourcecode.c.h; path = SwipeController.h; sourceTree = "<group>"; };
		81D3C26528502EF0001B3205 /* SwipeController.m */ = {isa = PBXFileReference; lastKnownFileType = sourcecode.c.objc; path = SwipeController.m; sourceTree = "<group>"; };
		81D3C26728503782001B3205 /* TotalController.h */ = {isa = PBXFileReference; lastKnownFileType = sourcecode.c.h; path = TotalController.h; sourceTree = "<group>"; };
		81D3C26828503782001B3205 /* TotalController.m */ = {isa = PBXFileReference; lastKnownFileType = sourcecode.c.objc; path = TotalController.m; sourceTree = "<group>"; };
		81D3C26A285038CB001B3205 /* SubscriptionController.h */ = {isa = PBXFileReference; lastKnownFileType = sourcecode.c.h; path = SubscriptionController.h; sourceTree = "<group>"; };
		81D3C26B285038CB001B3205 /* SubscriptionController.m */ = {isa = PBXFileReference; lastKnownFileType = sourcecode.c.objc; path = SubscriptionController.m; sourceTree = "<group>"; };
		81D3C26D285038DE001B3205 /* SubscriptionBootpayController.h */ = {isa = PBXFileReference; lastKnownFileType = sourcecode.c.h; path = SubscriptionBootpayController.h; sourceTree = "<group>"; };
		81D3C26E285038DE001B3205 /* SubscriptionBootpayController.m */ = {isa = PBXFileReference; lastKnownFileType = sourcecode.c.objc; path = SubscriptionBootpayController.m; sourceTree = "<group>"; };
		81D3C2702850391C001B3205 /* AuthenticationController.h */ = {isa = PBXFileReference; lastKnownFileType = sourcecode.c.h; path = AuthenticationController.h; sourceTree = "<group>"; };
		81D3C2712850391C001B3205 /* AuthenticationController.m */ = {isa = PBXFileReference; lastKnownFileType = sourcecode.c.objc; path = AuthenticationController.m; sourceTree = "<group>"; };
		81D3C2732850392A001B3205 /* BioController.h */ = {isa = PBXFileReference; lastKnownFileType = sourcecode.c.h; path = BioController.h; sourceTree = "<group>"; };
		81D3C2742850392A001B3205 /* BioController.m */ = {isa = PBXFileReference; lastKnownFileType = sourcecode.c.objc; path = BioController.m; sourceTree = "<group>"; };
		81D3C2762850393E001B3205 /* PasswordController.h */ = {isa = PBXFileReference; lastKnownFileType = sourcecode.c.h; path = PasswordController.h; sourceTree = "<group>"; };
		81D3C2772850393E001B3205 /* PasswordController.m */ = {isa = PBXFileReference; lastKnownFileType = sourcecode.c.objc; path = PasswordController.m; sourceTree = "<group>"; };
		81D3C2792850394B001B3205 /* PasswordUIController.h */ = {isa = PBXFileReference; lastKnownFileType = sourcecode.c.h; path = PasswordUIController.h; sourceTree = "<group>"; };
		81D3C27A2850394B001B3205 /* PasswordUIController.m */ = {isa = PBXFileReference; lastKnownFileType = sourcecode.c.objc; path = PasswordUIController.m; sourceTree = "<group>"; };
		81D3C27D28506221001B3205 /* BootpayRest.h */ = {isa = PBXFileReference; lastKnownFileType = sourcecode.c.h; path = BootpayRest.h; sourceTree = "<group>"; };
		81D3C27E28506221001B3205 /* BootpayRest.m */ = {isa = PBXFileReference; lastKnownFileType = sourcecode.c.objc; path = BootpayRest.m; sourceTree = "<group>"; };
		81D3C28028509070001B3205 /* WebAppController.h */ = {isa = PBXFileReference; lastKnownFileType = sourcecode.c.h; path = WebAppController.h; sourceTree = "<group>"; };
		81D3C28128509070001B3205 /* WebAppController.m */ = {isa = PBXFileReference; lastKnownFileType = sourcecode.c.objc; path = WebAppController.m; sourceTree = "<group>"; };
		81D3C283285099FC001B3205 /* README.md */ = {isa = PBXFileReference; lastKnownFileType = net.daringfireball.markdown; path = README.md; sourceTree = "<group>"; };
		A5C8BAD4131DC4440E207B86 /* Pods-objectc_example.debug.xcconfig */ = {isa = PBXFileReference; includeInIndex = 1; lastKnownFileType = text.xcconfig; name = "Pods-objectc_example.debug.xcconfig"; path = "Target Support Files/Pods-objectc_example/Pods-objectc_example.debug.xcconfig"; sourceTree = "<group>"; };
/* End PBXFileReference section */

/* Begin PBXFrameworksBuildPhase section */
		818E85632834D12A00767D02 /* Frameworks */ = {
			isa = PBXFrameworksBuildPhase;
			buildActionMask = 2147483647;
			files = (
				5E114E859589EB3F2F5DCD0E /* Pods_objectc_example.framework in Frameworks */,
			);
			runOnlyForDeploymentPostprocessing = 0;
		};
/* End PBXFrameworksBuildPhase section */

/* Begin PBXGroup section */
		4D1DB5421A37014A5B888187 /* Pods */ = {
			isa = PBXGroup;
			children = (
				A5C8BAD4131DC4440E207B86 /* Pods-objectc_example.debug.xcconfig */,
				2B0FA07D7847F7169264C4CE /* Pods-objectc_example.release.xcconfig */,
			);
			path = Pods;
			sourceTree = "<group>";
		};
		818E855D2834D12A00767D02 = {
			isa = PBXGroup;
			children = (
				818E85682834D12A00767D02 /* objectc_example */,
				818E85672834D12A00767D02 /* Products */,
				4D1DB5421A37014A5B888187 /* Pods */,
				B100169CBF5EFDF75C5A8DCB /* Frameworks */,
			);
			sourceTree = "<group>";
		};
		818E85672834D12A00767D02 /* Products */ = {
			isa = PBXGroup;
			children = (
				818E85662834D12A00767D02 /* objectc_example.app */,
			);
			name = Products;
			sourceTree = "<group>";
		};
		818E85682834D12A00767D02 /* objectc_example */ = {
			isa = PBXGroup;
			children = (
				81D3C27C285061EB001B3205 /* deprecated */,
				818E85692834D12A00767D02 /* AppDelegate.h */,
				818E856A2834D12A00767D02 /* AppDelegate.m */,
				818E856C2834D12A00767D02 /* SceneDelegate.h */,
				818E856D2834D12A00767D02 /* SceneDelegate.m */,
				81D3C26428502EF0001B3205 /* SwipeController.h */,
				81D3C26528502EF0001B3205 /* SwipeController.m */,
				818E856F2834D12A00767D02 /* ViewController.h */,
				818E85702834D12A00767D02 /* ViewController.m */,
				81D3C26128502A4D001B3205 /* DefaultController.h */,
				81D3C26228502A4D001B3205 /* DefaultController.m */,
				81D3C26728503782001B3205 /* TotalController.h */,
				81D3C26828503782001B3205 /* TotalController.m */,
				81D3C26A285038CB001B3205 /* SubscriptionController.h */,
				81D3C26B285038CB001B3205 /* SubscriptionController.m */,
				81D3C26D285038DE001B3205 /* SubscriptionBootpayController.h */,
				81D3C26E285038DE001B3205 /* SubscriptionBootpayController.m */,
				81D3C2702850391C001B3205 /* AuthenticationController.h */,
				81D3C2712850391C001B3205 /* AuthenticationController.m */,
				81D3C2732850392A001B3205 /* BioController.h */,
				81D3C2742850392A001B3205 /* BioController.m */,
				81D3C2762850393E001B3205 /* PasswordController.h */,
				81D3C2772850393E001B3205 /* PasswordController.m */,
				81D3C2792850394B001B3205 /* PasswordUIController.h */,
				81D3C27A2850394B001B3205 /* PasswordUIController.m */,
				81D3C28028509070001B3205 /* WebAppController.h */,
				81D3C28128509070001B3205 /* WebAppController.m */,
				818E85722834D12A00767D02 /* Main.storyboard */,
				818E85752834D12B00767D02 /* Assets.xcassets */,
				818E85772834D12B00767D02 /* LaunchScreen.storyboard */,
				818E857A2834D12B00767D02 /* Info.plist */,
				818E857B2834D12B00767D02 /* main.m */,
				81D3C283285099FC001B3205 /* README.md */,
			);
			path = objectc_example;
			sourceTree = "<group>";
		};
		81D3C27C285061EB001B3205 /* deprecated */ = {
			isa = PBXGroup;
			children = (
				81D3C27D28506221001B3205 /* BootpayRest.h */,
				81D3C27E28506221001B3205 /* BootpayRest.m */,
			);
			path = deprecated;
			sourceTree = "<group>";
		};
		B100169CBF5EFDF75C5A8DCB /* Frameworks */ = {
			isa = PBXGroup;
			children = (
				5573E23A1AE58C4ED562409B /* Pods_objectc_example.framework */,
			);
			name = Frameworks;
			sourceTree = "<group>";
		};
/* End PBXGroup section */

/* Begin PBXNativeTarget section */
		818E85652834D12A00767D02 /* objectc_example */ = {
			isa = PBXNativeTarget;
			buildConfigurationList = 818E857F2834D12B00767D02 /* Build configuration list for PBXNativeTarget "objectc_example" */;
			buildPhases = (
				00C8E77B8494B20C075582F6 /* [CP] Check Pods Manifest.lock */,
				818E85622834D12A00767D02 /* Sources */,
				818E85632834D12A00767D02 /* Frameworks */,
				818E85642834D12A00767D02 /* Resources */,
				4A1EC2EB4DE940BFDE4F59C2 /* [CP] Embed Pods Frameworks */,
				EFFEECD4D60EFE70729A42DE /* [CP] Copy Pods Resources */,
			);
			buildRules = (
			);
			dependencies = (
			);
			name = objectc_example;
			productName = objectc_example;
			productReference = 818E85662834D12A00767D02 /* objectc_example.app */;
			productType = "com.apple.product-type.application";
		};
/* End PBXNativeTarget section */

/* Begin PBXProject section */
		818E855E2834D12A00767D02 /* Project object */ = {
			isa = PBXProject;
			attributes = {
				BuildIndependentTargetsInParallel = 1;
				LastUpgradeCheck = 1330;
				TargetAttributes = {
					818E85652834D12A00767D02 = {
						CreatedOnToolsVersion = 13.3.1;
					};
				};
			};
			buildConfigurationList = 818E85612834D12A00767D02 /* Build configuration list for PBXProject "objectc_example" */;
			compatibilityVersion = "Xcode 13.0";
			developmentRegion = en;
			hasScannedForEncodings = 0;
			knownRegions = (
				en,
				Base,
			);
			mainGroup = 818E855D2834D12A00767D02;
			productRefGroup = 818E85672834D12A00767D02 /* Products */;
			projectDirPath = "";
			projectRoot = "";
			targets = (
				818E85652834D12A00767D02 /* objectc_example */,
			);
		};
/* End PBXProject section */

/* Begin PBXResourcesBuildPhase section */
		818E85642834D12A00767D02 /* Resources */ = {
			isa = PBXResourcesBuildPhase;
			buildActionMask = 2147483647;
			files = (
				818E85792834D12B00767D02 /* LaunchScreen.storyboard in Resources */,
				818E85762834D12B00767D02 /* Assets.xcassets in Resources */,
				818E85742834D12A00767D02 /* Main.storyboard in Resources */,
			);
			runOnlyForDeploymentPostprocessing = 0;
		};
/* End PBXResourcesBuildPhase section */

/* Begin PBXShellScriptBuildPhase section */
		00C8E77B8494B20C075582F6 /* [CP] Check Pods Manifest.lock */ = {
			isa = PBXShellScriptBuildPhase;
			buildActionMask = 2147483647;
			files = (
			);
			inputFileListPaths = (
			);
			inputPaths = (
				"${PODS_PODFILE_DIR_PATH}/Podfile.lock",
				"${PODS_ROOT}/Manifest.lock",
			);
			name = "[CP] Check Pods Manifest.lock";
			outputFileListPaths = (
			);
			outputPaths = (
				"$(DERIVED_FILE_DIR)/Pods-objectc_example-checkManifestLockResult.txt",
			);
			runOnlyForDeploymentPostprocessing = 0;
			shellPath = /bin/sh;
			shellScript = "diff \"${PODS_PODFILE_DIR_PATH}/Podfile.lock\" \"${PODS_ROOT}/Manifest.lock\" > /dev/null\nif [ $? != 0 ] ; then\n    # print error to STDERR\n    echo \"error: The sandbox is not in sync with the Podfile.lock. Run 'pod install' or update your CocoaPods installation.\" >&2\n    exit 1\nfi\n# This output is used by Xcode 'outputs' to avoid re-running this script phase.\necho \"SUCCESS\" > \"${SCRIPT_OUTPUT_FILE_0}\"\n";
			showEnvVarsInLog = 0;
		};
		4A1EC2EB4DE940BFDE4F59C2 /* [CP] Embed Pods Frameworks */ = {
			isa = PBXShellScriptBuildPhase;
			buildActionMask = 2147483647;
			files = (
			);
			inputFileListPaths = (
				"${PODS_ROOT}/Target Support Files/Pods-objectc_example/Pods-objectc_example-frameworks-${CONFIGURATION}-input-files.xcfilelist",
			);
			name = "[CP] Embed Pods Frameworks";
			outputFileListPaths = (
				"${PODS_ROOT}/Target Support Files/Pods-objectc_example/Pods-objectc_example-frameworks-${CONFIGURATION}-output-files.xcfilelist",
			);
			runOnlyForDeploymentPostprocessing = 0;
			shellPath = /bin/sh;
			shellScript = "\"${PODS_ROOT}/Target Support Files/Pods-objectc_example/Pods-objectc_example-frameworks.sh\"\n";
			showEnvVarsInLog = 0;
		};
		EFFEECD4D60EFE70729A42DE /* [CP] Copy Pods Resources */ = {
			isa = PBXShellScriptBuildPhase;
			buildActionMask = 2147483647;
			files = (
			);
			inputFileListPaths = (
				"${PODS_ROOT}/Target Support Files/Pods-objectc_example/Pods-objectc_example-resources-${CONFIGURATION}-input-files.xcfilelist",
			);
			name = "[CP] Copy Pods Resources";
			outputFileListPaths = (
				"${PODS_ROOT}/Target Support Files/Pods-objectc_example/Pods-objectc_example-resources-${CONFIGURATION}-output-files.xcfilelist",
			);
			runOnlyForDeploymentPostprocessing = 0;
			shellPath = /bin/sh;
			shellScript = "\"${PODS_ROOT}/Target Support Files/Pods-objectc_example/Pods-objectc_example-resources.sh\"\n";
			showEnvVarsInLog = 0;
		};
/* End PBXShellScriptBuildPhase section */

/* Begin PBXSourcesBuildPhase section */
		818E85622834D12A00767D02 /* Sources */ = {
			isa = PBXSourcesBuildPhase;
			buildActionMask = 2147483647;
			files = (
				818E85712834D12A00767D02 /* ViewController.m in Sources */,
				818E856B2834D12A00767D02 /* AppDelegate.m in Sources */,
				81D3C26F285038DE001B3205 /* SubscriptionBootpayController.m in Sources */,
				81D3C26928503782001B3205 /* TotalController.m in Sources */,
				81D3C27B2850394B001B3205 /* PasswordUIController.m in Sources */,
				81D3C26628502EF0001B3205 /* SwipeController.m in Sources */,
				81D3C26C285038CB001B3205 /* SubscriptionController.m in Sources */,
				81D3C2782850393E001B3205 /* PasswordController.m in Sources */,
				818E857C2834D12B00767D02 /* main.m in Sources */,
				81D3C2722850391C001B3205 /* AuthenticationController.m in Sources */,
				818E856E2834D12A00767D02 /* SceneDelegate.m in Sources */,
				81D3C2752850392A001B3205 /* BioController.m in Sources */,
				81D3C27F28506221001B3205 /* BootpayRest.m in Sources */,
				81D3C28228509070001B3205 /* WebAppController.m in Sources */,
				81D3C26328502A4D001B3205 /* DefaultController.m in Sources */,
			);
			runOnlyForDeploymentPostprocessing = 0;
		};
/* End PBXSourcesBuildPhase section */

/* Begin PBXVariantGroup section */
		818E85722834D12A00767D02 /* Main.storyboard */ = {
			isa = PBXVariantGroup;
			children = (
				818E85732834D12A00767D02 /* Base */,
			);
			name = Main.storyboard;
			sourceTree = "<group>";
		};
		818E85772834D12B00767D02 /* LaunchScreen.storyboard */ = {
			isa = PBXVariantGroup;
			children = (
				818E85782834D12B00767D02 /* Base */,
			);
			name = LaunchScreen.storyboard;
			sourceTree = "<group>";
		};
/* End PBXVariantGroup section */

/* Begin XCBuildConfiguration section */
		818E857D2834D12B00767D02 /* Debug */ = {
			isa = XCBuildConfiguration;
			buildSettings = {
				ALWAYS_SEARCH_USER_PATHS = NO;
				CLANG_ANALYZER_NONNULL = YES;
				CLANG_ANALYZER_NUMBER_OBJECT_CONVERSION = YES_AGGRESSIVE;
				CLANG_CXX_LANGUAGE_STANDARD = "gnu++17";
				CLANG_ENABLE_MODULES = YES;
				CLANG_ENABLE_OBJC_ARC = YES;
				CLANG_ENABLE_OBJC_WEAK = YES;
				CLANG_WARN_BLOCK_CAPTURE_AUTORELEASING = YES;
				CLANG_WARN_BOOL_CONVERSION = YES;
				CLANG_WARN_COMMA = YES;
				CLANG_WARN_CONSTANT_CONVERSION = YES;
				CLANG_WARN_DEPRECATED_OBJC_IMPLEMENTATIONS = YES;
				CLANG_WARN_DIRECT_OBJC_ISA_USAGE = YES_ERROR;
				CLANG_WARN_DOCUMENTATION_COMMENTS = YES;
				CLANG_WARN_EMPTY_BODY = YES;
				CLANG_WARN_ENUM_CONVERSION = YES;
				CLANG_WARN_INFINITE_RECURSION = YES;
				CLANG_WARN_INT_CONVERSION = YES;
				CLANG_WARN_NON_LITERAL_NULL_CONVERSION = YES;
				CLANG_WARN_OBJC_IMPLICIT_RETAIN_SELF = YES;
				CLANG_WARN_OBJC_LITERAL_CONVERSION = YES;
				CLANG_WARN_OBJC_ROOT_CLASS = YES_ERROR;
				CLANG_WARN_QUOTED_INCLUDE_IN_FRAMEWORK_HEADER = YES;
				CLANG_WARN_RANGE_LOOP_ANALYSIS = YES;
				CLANG_WARN_STRICT_PROTOTYPES = YES;
				CLANG_WARN_SUSPICIOUS_MOVE = YES;
				CLANG_WARN_UNGUARDED_AVAILABILITY = YES_AGGRESSIVE;
				CLANG_WARN_UNREACHABLE_CODE = YES;
				CLANG_WARN__DUPLICATE_METHOD_MATCH = YES;
				COPY_PHASE_STRIP = NO;
				DEBUG_INFORMATION_FORMAT = dwarf;
				ENABLE_STRICT_OBJC_MSGSEND = YES;
				ENABLE_TESTABILITY = YES;
				GCC_C_LANGUAGE_STANDARD = gnu11;
				GCC_DYNAMIC_NO_PIC = NO;
				GCC_NO_COMMON_BLOCKS = YES;
				GCC_OPTIMIZATION_LEVEL = 0;
				GCC_PREPROCESSOR_DEFINITIONS = (
					"DEBUG=1",
					"$(inherited)",
				);
				GCC_WARN_64_TO_32_BIT_CONVERSION = YES;
				GCC_WARN_ABOUT_RETURN_TYPE = YES_ERROR;
				GCC_WARN_UNDECLARED_SELECTOR = YES;
				GCC_WARN_UNINITIALIZED_AUTOS = YES_AGGRESSIVE;
				GCC_WARN_UNUSED_FUNCTION = YES;
				GCC_WARN_UNUSED_VARIABLE = YES;
				IPHONEOS_DEPLOYMENT_TARGET = 15.4;
				MTL_ENABLE_DEBUG_INFO = INCLUDE_SOURCE;
				MTL_FAST_MATH = YES;
				ONLY_ACTIVE_ARCH = YES;
				SDKROOT = iphoneos;
			};
			name = Debug;
		};
		818E857E2834D12B00767D02 /* Release */ = {
			isa = XCBuildConfiguration;
			buildSettings = {
				ALWAYS_SEARCH_USER_PATHS = NO;
				CLANG_ANALYZER_NONNULL = YES;
				CLANG_ANALYZER_NUMBER_OBJECT_CONVERSION = YES_AGGRESSIVE;
				CLANG_CXX_LANGUAGE_STANDARD = "gnu++17";
				CLANG_ENABLE_MODULES = YES;
				CLANG_ENABLE_OBJC_ARC = YES;
				CLANG_ENABLE_OBJC_WEAK = YES;
				CLANG_WARN_BLOCK_CAPTURE_AUTORELEASING = YES;
				CLANG_WARN_BOOL_CONVERSION = YES;
				CLANG_WARN_COMMA = YES;
				CLANG_WARN_CONSTANT_CONVERSION = YES;
				CLANG_WARN_DEPRECATED_OBJC_IMPLEMENTATIONS = YES;
				CLANG_WARN_DIRECT_OBJC_ISA_USAGE = YES_ERROR;
				CLANG_WARN_DOCUMENTATION_COMMENTS = YES;
				CLANG_WARN_EMPTY_BODY = YES;
				CLANG_WARN_ENUM_CONVERSION = YES;
				CLANG_WARN_INFINITE_RECURSION = YES;
				CLANG_WARN_INT_CONVERSION = YES;
				CLANG_WARN_NON_LITERAL_NULL_CONVERSION = YES;
				CLANG_WARN_OBJC_IMPLICIT_RETAIN_SELF = YES;
				CLANG_WARN_OBJC_LITERAL_CONVERSION = YES;
				CLANG_WARN_OBJC_ROOT_CLASS = YES_ERROR;
				CLANG_WARN_QUOTED_INCLUDE_IN_FRAMEWORK_HEADER = YES;
				CLANG_WARN_RANGE_LOOP_ANALYSIS = YES;
				CLANG_WARN_STRICT_PROTOTYPES = YES;
				CLANG_WARN_SUSPICIOUS_MOVE = YES;
				CLANG_WARN_UNGUARDED_AVAILABILITY = YES_AGGRESSIVE;
				CLANG_WARN_UNREACHABLE_CODE = YES;
				CLANG_WARN__DUPLICATE_METHOD_MATCH = YES;
				COPY_PHASE_STRIP = NO;
				DEBUG_INFORMATION_FORMAT = "dwarf-with-dsym";
				ENABLE_NS_ASSERTIONS = NO;
				ENABLE_STRICT_OBJC_MSGSEND = YES;
				GCC_C_LANGUAGE_STANDARD = gnu11;
				GCC_NO_COMMON_BLOCKS = YES;
				GCC_WARN_64_TO_32_BIT_CONVERSION = YES;
				GCC_WARN_ABOUT_RETURN_TYPE = YES_ERROR;
				GCC_WARN_UNDECLARED_SELECTOR = YES;
				GCC_WARN_UNINITIALIZED_AUTOS = YES_AGGRESSIVE;
				GCC_WARN_UNUSED_FUNCTION = YES;
				GCC_WARN_UNUSED_VARIABLE = YES;
				IPHONEOS_DEPLOYMENT_TARGET = 15.4;
				MTL_ENABLE_DEBUG_INFO = NO;
				MTL_FAST_MATH = YES;
				SDKROOT = iphoneos;
				VALIDATE_PRODUCT = YES;
			};
			name = Release;
		};
		818E85802834D12B00767D02 /* Debug */ = {
			isa = XCBuildConfiguration;
			baseConfigurationReference = A5C8BAD4131DC4440E207B86 /* Pods-objectc_example.debug.xcconfig */;
			buildSettings = {
				ASSETCATALOG_COMPILER_APPICON_NAME = AppIcon;
				ASSETCATALOG_COMPILER_GLOBAL_ACCENT_COLOR_NAME = AccentColor;
				CODE_SIGN_STYLE = Automatic;
				CURRENT_PROJECT_VERSION = 1;
				DEVELOPMENT_TEAM = 7ZCWM83NFK;
				GENERATE_INFOPLIST_FILE = YES;
				INFOPLIST_FILE = objectc_example/Info.plist;
				INFOPLIST_KEY_UIApplicationSupportsIndirectInputEvents = YES;
				INFOPLIST_KEY_UILaunchStoryboardName = LaunchScreen;
				INFOPLIST_KEY_UIMainStoryboardFile = Main;
				INFOPLIST_KEY_UISupportedInterfaceOrientations_iPad = "UIInterfaceOrientationPortrait UIInterfaceOrientationPortraitUpsideDown UIInterfaceOrientationLandscapeLeft UIInterfaceOrientationLandscapeRight";
				INFOPLIST_KEY_UISupportedInterfaceOrientations_iPhone = "UIInterfaceOrientationPortrait UIInterfaceOrientationLandscapeLeft UIInterfaceOrientationLandscapeRight";
				LD_RUNPATH_SEARCH_PATHS = (
					"$(inherited)",
					"@executable_path/Frameworks",
				);
				MARKETING_VERSION = 1.0;
				PRODUCT_BUNDLE_IDENTIFIER = kr.co.bootpay.bootpayObjC;
				PRODUCT_NAME = "$(TARGET_NAME)";
				SWIFT_EMIT_LOC_STRINGS = YES;
				TARGETED_DEVICE_FAMILY = "1,2";
			};
			name = Debug;
		};
		818E85812834D12B00767D02 /* Release */ = {
			isa = XCBuildConfiguration;
			baseConfigurationReference = 2B0FA07D7847F7169264C4CE /* Pods-objectc_example.release.xcconfig */;
			buildSettings = {
				ASSETCATALOG_COMPILER_APPICON_NAME = AppIcon;
				ASSETCATALOG_COMPILER_GLOBAL_ACCENT_COLOR_NAME = AccentColor;
				CODE_SIGN_STYLE = Automatic;
				CURRENT_PROJECT_VERSION = 1;
				DEVELOPMENT_TEAM = 7ZCWM83NFK;
				GENERATE_INFOPLIST_FILE = YES;
				INFOPLIST_FILE = objectc_example/Info.plist;
				INFOPLIST_KEY_UIApplicationSupportsIndirectInputEvents = YES;
				INFOPLIST_KEY_UILaunchStoryboardName = LaunchScreen;
				INFOPLIST_KEY_UIMainStoryboardFile = Main;
				INFOPLIST_KEY_UISupportedInterfaceOrientations_iPad = "UIInterfaceOrientationPortrait UIInterfaceOrientationPortraitUpsideDown UIInterfaceOrientationLandscapeLeft UIInterfaceOrientationLandscapeRight";
				INFOPLIST_KEY_UISupportedInterfaceOrientations_iPhone = "UIInterfaceOrientationPortrait UIInterfaceOrientationLandscapeLeft UIInterfaceOrientationLandscapeRight";
				LD_RUNPATH_SEARCH_PATHS = (
					"$(inherited)",
					"@executable_path/Frameworks",
				);
				MARKETING_VERSION = 1.0;
				PRODUCT_BUNDLE_IDENTIFIER = kr.co.bootpay.bootpayObjC;
				PRODUCT_NAME = "$(TARGET_NAME)";
				SWIFT_EMIT_LOC_STRINGS = YES;
				TARGETED_DEVICE_FAMILY = "1,2";
			};
			name = Release;
		};
/* End XCBuildConfiguration section */

/* Begin XCConfigurationList section */
		818E85612834D12A00767D02 /* Build configuration list for PBXProject "objectc_example" */ = {
			isa = XCConfigurationList;
			buildConfigurations = (
				818E857D2834D12B00767D02 /* Debug */,
				818E857E2834D12B00767D02 /* Release */,
			);
			defaultConfigurationIsVisible = 0;
			defaultConfigurationName = Release;
		};
		818E857F2834D12B00767D02 /* Build configuration list for PBXNativeTarget "objectc_example" */ = {
			isa = XCConfigurationList;
			buildConfigurations = (
				818E85802834D12B00767D02 /* Debug */,
				818E85812834D12B00767D02 /* Release */,
			);
			defaultConfigurationIsVisible = 0;
			defaultConfigurationName = Release;
		};
/* End XCConfigurationList section */
	};
	rootObject = 818E855E2834D12A00767D02 /* Project object */;
}
